// !$*UTF8*$!
{
	archiveVersion = 1;
	classes = {
	};
	objectVersion = 51;
	objects = {

/* Begin PBXBuildFile section */
		460B2A4F23C3845D00F93BCF /*  Logins.swift in Sources */ = {isa = PBXBuildFile; fileRef = 460B2A4E23C3845D00F93BCF /*  Logins.swift */; };
		465B37F723BA821200E67F55 /* GoogleService-Info.plist in Resources */ = {isa = PBXBuildFile; fileRef = 465B37F623BA821200E67F55 /* GoogleService-Info.plist */; };
		46A2C5C123BA2BC8002D59C2 /* AppDelegate.swift in Sources */ = {isa = PBXBuildFile; fileRef = 46A2C5C023BA2BC8002D59C2 /* AppDelegate.swift */; };
		46A2C5C323BA2BC8002D59C2 /* SceneDelegate.swift in Sources */ = {isa = PBXBuildFile; fileRef = 46A2C5C223BA2BC8002D59C2 /* SceneDelegate.swift */; };
		46A2C5C523BA2BC8002D59C2 /* ViewController.swift in Sources */ = {isa = PBXBuildFile; fileRef = 46A2C5C423BA2BC8002D59C2 /* ViewController.swift */; };
		46A2C5C823BA2BC8002D59C2 /* Main.storyboard in Resources */ = {isa = PBXBuildFile; fileRef = 46A2C5C623BA2BC8002D59C2 /* Main.storyboard */; };
		46A2C5CA23BA2BCA002D59C2 /* Assets.xcassets in Resources */ = {isa = PBXBuildFile; fileRef = 46A2C5C923BA2BCA002D59C2 /* Assets.xcassets */; };
		46A2C5CD23BA2BCA002D59C2 /* LaunchScreen.storyboard in Resources */ = {isa = PBXBuildFile; fileRef = 46A2C5CB23BA2BCA002D59C2 /* LaunchScreen.storyboard */; };
		46A2C5D523BA2C39002D59C2 /* SignUpViewController.swift in Sources */ = {isa = PBXBuildFile; fileRef = 46A2C5D423BA2C39002D59C2 /* SignUpViewController.swift */; };
		46A2C5D723BA2C58002D59C2 /* LoginViewController.swift in Sources */ = {isa = PBXBuildFile; fileRef = 46A2C5D623BA2C58002D59C2 /* LoginViewController.swift */; };
		46A2C5D923BA2C77002D59C2 /* HomeViewController.swift in Sources */ = {isa = PBXBuildFile; fileRef = 46A2C5D823BA2C77002D59C2 /* HomeViewController.swift */; };
		46A2C5DC23BA381B002D59C2 /* Constants.swift in Sources */ = {isa = PBXBuildFile; fileRef = 46A2C5DB23BA381B002D59C2 /* Constants.swift */; };
		46A2C5DE23BA3820002D59C2 /* Utilities.swift in Sources */ = {isa = PBXBuildFile; fileRef = 46A2C5DD23BA3820002D59C2 /* Utilities.swift */; };
		A5331BECD57F073E05E7E4F4 /* Pods_Custom_Login.framework in Frameworks */ = {isa = PBXBuildFile; fileRef = FFA83B403EA75189928A5621 /* Pods_Custom_Login.framework */; };
/* End PBXBuildFile section */

/* Begin PBXFileReference section */
		26C28AD16D9FB78FD41325A0 /* Pods-Custom Login.release.xcconfig */ = {isa = PBXFileReference; includeInIndex = 1; lastKnownFileType = text.xcconfig; name = "Pods-Custom Login.release.xcconfig"; path = "Target Support Files/Pods-Custom Login/Pods-Custom Login.release.xcconfig"; sourceTree = "<group>"; };
		460B2A4E23C3845D00F93BCF /*  Logins.swift */ = {isa = PBXFileReference; lastKnownFileType = sourcecode.swift; path = " Logins.swift"; sourceTree = "<group>"; };
		465B37F623BA821200E67F55 /* GoogleService-Info.plist */ = {isa = PBXFileReference; fileEncoding = 4; lastKnownFileType = text.plist.xml; path = "GoogleService-Info.plist"; sourceTree = "<group>"; };
		46A2C5BD23BA2BC8002D59C2 /* Custom Login.app */ = {isa = PBXFileReference; explicitFileType = wrapper.application; includeInIndex = 0; path = "Custom Login.app"; sourceTree = BUILT_PRODUCTS_DIR; };
		46A2C5C023BA2BC8002D59C2 /* AppDelegate.swift */ = {isa = PBXFileReference; lastKnownFileType = sourcecode.swift; path = AppDelegate.swift; sourceTree = "<group>"; };
		46A2C5C223BA2BC8002D59C2 /* SceneDelegate.swift */ = {isa = PBXFileReference; lastKnownFileType = sourcecode.swift; path = SceneDelegate.swift; sourceTree = "<group>"; };
		46A2C5C423BA2BC8002D59C2 /* ViewController.swift */ = {isa = PBXFileReference; lastKnownFileType = sourcecode.swift; path = ViewController.swift; sourceTree = "<group>"; };
		46A2C5C723BA2BC8002D59C2 /* Base */ = {isa = PBXFileReference; lastKnownFileType = file.storyboard; name = Base; path = Base.lproj/Main.storyboard; sourceTree = "<group>"; };
		46A2C5C923BA2BCA002D59C2 /* Assets.xcassets */ = {isa = PBXFileReference; lastKnownFileType = folder.assetcatalog; path = Assets.xcassets; sourceTree = "<group>"; };
		46A2C5CC23BA2BCA002D59C2 /* Base */ = {isa = PBXFileReference; lastKnownFileType = file.storyboard; name = Base; path = Base.lproj/LaunchScreen.storyboard; sourceTree = "<group>"; };
		46A2C5CE23BA2BCA002D59C2 /* Info.plist */ = {isa = PBXFileReference; lastKnownFileType = text.plist.xml; path = Info.plist; sourceTree = "<group>"; };
		46A2C5D423BA2C39002D59C2 /* SignUpViewController.swift */ = {isa = PBXFileReference; lastKnownFileType = sourcecode.swift; path = SignUpViewController.swift; sourceTree = "<group>"; };
		46A2C5D623BA2C58002D59C2 /* LoginViewController.swift */ = {isa = PBXFileReference; lastKnownFileType = sourcecode.swift; path = LoginViewController.swift; sourceTree = "<group>"; };
		46A2C5D823BA2C77002D59C2 /* HomeViewController.swift */ = {isa = PBXFileReference; lastKnownFileType = sourcecode.swift; path = HomeViewController.swift; sourceTree = "<group>"; };
		46A2C5DB23BA381B002D59C2 /* Constants.swift */ = {isa = PBXFileReference; lastKnownFileType = sourcecode.swift; path = Constants.swift; sourceTree = "<group>"; };
		46A2C5DD23BA3820002D59C2 /* Utilities.swift */ = {isa = PBXFileReference; lastKnownFileType = sourcecode.swift; path = Utilities.swift; sourceTree = "<group>"; };
		AC23C7ED5B9870E01E274138 /* Pods-Custom Login.debug.xcconfig */ = {isa = PBXFileReference; includeInIndex = 1; lastKnownFileType = text.xcconfig; name = "Pods-Custom Login.debug.xcconfig"; path = "Target Support Files/Pods-Custom Login/Pods-Custom Login.debug.xcconfig"; sourceTree = "<group>"; };
		FFA83B403EA75189928A5621 /* Pods_Custom_Login.framework */ = {isa = PBXFileReference; explicitFileType = wrapper.framework; includeInIndex = 0; path = Pods_Custom_Login.framework; sourceTree = BUILT_PRODUCTS_DIR; };
/* End PBXFileReference section */

/* Begin PBXFrameworksBuildPhase section */
		46A2C5BA23BA2BC8002D59C2 /* Frameworks */ = {
			isa = PBXFrameworksBuildPhase;
			buildActionMask = 2147483647;
			files = (
				A5331BECD57F073E05E7E4F4 /* Pods_Custom_Login.framework in Frameworks */,
			);
			runOnlyForDeploymentPostprocessing = 0;
		};
/* End PBXFrameworksBuildPhase section */

/* Begin PBXGroup section */
		460B2A4D23C3841F00F93BCF /* models */ = {
			isa = PBXGroup;
			children = (
				460B2A4E23C3845D00F93BCF /*  Logins.swift */,
			);
			path = models;
			sourceTree = "<group>";
		};
		46A2C5B423BA2BC8002D59C2 = {
			isa = PBXGroup;
			children = (
				46A2C5BF23BA2BC8002D59C2 /* Custom Login */,
				46A2C5BE23BA2BC8002D59C2 /* Products */,
				A36A41724974D59CA99A59CC /* Pods */,
				4CDEE2EE447DE120A8BF8897 /* Frameworks */,
			);
			sourceTree = "<group>";
		};
		46A2C5BE23BA2BC8002D59C2 /* Products */ = {
			isa = PBXGroup;
			children = (
				46A2C5BD23BA2BC8002D59C2 /* Custom Login.app */,
			);
			name = Products;
			sourceTree = "<group>";
		};
		46A2C5BF23BA2BC8002D59C2 /* Custom Login */ = {
			isa = PBXGroup;
			children = (
				460B2A4D23C3841F00F93BCF /* models */,
				46A2C5C623BA2BC8002D59C2 /* Main.storyboard */,
				46A2C5DA23BA2C86002D59C2 /* ViewControllers */,
				46A2C5C023BA2BC8002D59C2 /* AppDelegate.swift */,
				46A2C5C223BA2BC8002D59C2 /* SceneDelegate.swift */,
				465B37F623BA821200E67F55 /* GoogleService-Info.plist */,
				46A2C5C923BA2BCA002D59C2 /* Assets.xcassets */,
				46A2C5CB23BA2BCA002D59C2 /* LaunchScreen.storyboard */,
				46A2C5DF23BA3833002D59C2 /* Helpers */,
				46A2C5CE23BA2BCA002D59C2 /* Info.plist */,
			);
			path = "Custom Login";
			sourceTree = "<group>";
		};
		46A2C5DA23BA2C86002D59C2 /* ViewControllers */ = {
			isa = PBXGroup;
			children = (
				46A2C5C423BA2BC8002D59C2 /* ViewController.swift */,
				46A2C5D423BA2C39002D59C2 /* SignUpViewController.swift */,
				46A2C5D623BA2C58002D59C2 /* LoginViewController.swift */,
				46A2C5D823BA2C77002D59C2 /* HomeViewController.swift */,
			);
			path = ViewControllers;
			sourceTree = "<group>";
		};
		46A2C5DF23BA3833002D59C2 /* Helpers */ = {
			isa = PBXGroup;
			children = (
				46A2C5DB23BA381B002D59C2 /* Constants.swift */,
				46A2C5DD23BA3820002D59C2 /* Utilities.swift */,
			);
			path = Helpers;
			sourceTree = "<group>";
		};
		4CDEE2EE447DE120A8BF8897 /* Frameworks */ = {
			isa = PBXGroup;
			children = (
				FFA83B403EA75189928A5621 /* Pods_Custom_Login.framework */,
			);
			name = Frameworks;
			sourceTree = "<group>";
		};
		A36A41724974D59CA99A59CC /* Pods */ = {
			isa = PBXGroup;
			children = (
				AC23C7ED5B9870E01E274138 /* Pods-Custom Login.debug.xcconfig */,
				26C28AD16D9FB78FD41325A0 /* Pods-Custom Login.release.xcconfig */,
			);
			path = Pods;
			sourceTree = "<group>";
		};
/* End PBXGroup section */

/* Begin PBXNativeTarget section */
		46A2C5BC23BA2BC8002D59C2 /* Custom Login */ = {
			isa = PBXNativeTarget;
			buildConfigurationList = 46A2C5D123BA2BCA002D59C2 /* Build configuration list for PBXNativeTarget "Custom Login" */;
			buildPhases = (
				30F0502AEB163FC5715467AA /* [CP] Check Pods Manifest.lock */,
				46A2C5B923BA2BC8002D59C2 /* Sources */,
				46A2C5BA23BA2BC8002D59C2 /* Frameworks */,
				46A2C5BB23BA2BC8002D59C2 /* Resources */,
				33814E42C887C83D19FCEDA1 /* [CP] Embed Pods Frameworks */,
			);
			buildRules = (
			);
			dependencies = (
			);
			name = "Custom Login";
			productName = "Custom Login";
			productReference = 46A2C5BD23BA2BC8002D59C2 /* Custom Login.app */;
			productType = "com.apple.product-type.application";
		};
/* End PBXNativeTarget section */

/* Begin PBXProject section */
		46A2C5B523BA2BC8002D59C2 /* Project object */ = {
			isa = PBXProject;
			attributes = {
				LastSwiftUpdateCheck = 1130;
				LastUpgradeCheck = 1130;
				ORGANIZATIONNAME = DevelopItSolutions;
				TargetAttributes = {
					46A2C5BC23BA2BC8002D59C2 = {
						CreatedOnToolsVersion = 11.3;
					};
				};
			};
			buildConfigurationList = 46A2C5B823BA2BC8002D59C2 /* Build configuration list for PBXProject "Custom Login" */;
			compatibilityVersion = "Xcode 9.3";
			developmentRegion = en;
			hasScannedForEncodings = 0;
			knownRegions = (
				en,
				Base,
			);
			mainGroup = 46A2C5B423BA2BC8002D59C2;
			productRefGroup = 46A2C5BE23BA2BC8002D59C2 /* Products */;
			projectDirPath = "";
			projectRoot = "";
			targets = (
				46A2C5BC23BA2BC8002D59C2 /* Custom Login */,
			);
		};
/* End PBXProject section */

/* Begin PBXResourcesBuildPhase section */
		46A2C5BB23BA2BC8002D59C2 /* Resources */ = {
			isa = PBXResourcesBuildPhase;
			buildActionMask = 2147483647;
			files = (
				46A2C5CD23BA2BCA002D59C2 /* LaunchScreen.storyboard in Resources */,
				465B37F723BA821200E67F55 /* GoogleService-Info.plist in Resources */,
				46A2C5CA23BA2BCA002D59C2 /* Assets.xcassets in Resources */,
				46A2C5C823BA2BC8002D59C2 /* Main.storyboard in Resources */,
			);
			runOnlyForDeploymentPostprocessing = 0;
		};
/* End PBXResourcesBuildPhase section */

/* Begin PBXShellScriptBuildPhase section */
		30F0502AEB163FC5715467AA /* [CP] Check Pods Manifest.lock */ = {
			isa = PBXShellScriptBuildPhase;
			buildActionMask = 2147483647;
			files = (
			);
			inputFileListPaths = (
			);
			inputPaths = (
				"${PODS_PODFILE_DIR_PATH}/Podfile.lock",
				"${PODS_ROOT}/Manifest.lock",
			);
			name = "[CP] Check Pods Manifest.lock";
			outputFileListPaths = (
			);
			outputPaths = (
				"$(DERIVED_FILE_DIR)/Pods-Custom Login-checkManifestLockResult.txt",
			);
			runOnlyForDeploymentPostprocessing = 0;
			shellPath = /bin/sh;
			shellScript = "diff \"${PODS_PODFILE_DIR_PATH}/Podfile.lock\" \"${PODS_ROOT}/Manifest.lock\" > /dev/null\nif [ $? != 0 ] ; then\n    # print error to STDERR\n    echo \"error: The sandbox is not in sync with the Podfile.lock. Run 'pod install' or update your CocoaPods installation.\" >&2\n    exit 1\nfi\n# This output is used by Xcode 'outputs' to avoid re-running this script phase.\necho \"SUCCESS\" > \"${SCRIPT_OUTPUT_FILE_0}\"\n";
			showEnvVarsInLog = 0;
		};
		33814E42C887C83D19FCEDA1 /* [CP] Embed Pods Frameworks */ = {
			isa = PBXShellScriptBuildPhase;
			buildActionMask = 2147483647;
			files = (
			);
			inputFileListPaths = (
				"${PODS_ROOT}/Target Support Files/Pods-Custom Login/Pods-Custom Login-frameworks-${CONFIGURATION}-input-files.xcfilelist",
			);
			name = "[CP] Embed Pods Frameworks";
			outputFileListPaths = (
				"${PODS_ROOT}/Target Support Files/Pods-Custom Login/Pods-Custom Login-frameworks-${CONFIGURATION}-output-files.xcfilelist",
			);
			runOnlyForDeploymentPostprocessing = 0;
			shellPath = /bin/sh;
			shellScript = "\"${PODS_ROOT}/Target Support Files/Pods-Custom Login/Pods-Custom Login-frameworks.sh\"\n";
			showEnvVarsInLog = 0;
		};
/* End PBXShellScriptBuildPhase section */

/* Begin PBXSourcesBuildPhase section */
		46A2C5B923BA2BC8002D59C2 /* Sources */ = {
			isa = PBXSourcesBuildPhase;
			buildActionMask = 2147483647;
			files = (
				460B2A4F23C3845D00F93BCF /*  Logins.swift in Sources */,
				46A2C5C523BA2BC8002D59C2 /* ViewController.swift in Sources */,
				46A2C5C123BA2BC8002D59C2 /* AppDelegate.swift in Sources */,
				46A2C5D523BA2C39002D59C2 /* SignUpViewController.swift in Sources */,
				46A2C5D723BA2C58002D59C2 /* LoginViewController.swift in Sources */,
				46A2C5DC23BA381B002D59C2 /* Constants.swift in Sources */,
				46A2C5C323BA2BC8002D59C2 /* SceneDelegate.swift in Sources */,
				46A2C5DE23BA3820002D59C2 /* Utilities.swift in Sources */,
				46A2C5D923BA2C77002D59C2 /* HomeViewController.swift in Sources */,
			);
			runOnlyForDeploymentPostprocessing = 0;
		};
/* End PBXSourcesBuildPhase section */

/* Begin PBXVariantGroup section */
		46A2C5C623BA2BC8002D59C2 /* Main.storyboard */ = {
			isa = PBXVariantGroup;
			children = (
				46A2C5C723BA2BC8002D59C2 /* Base */,
			);
			name = Main.storyboard;
			sourceTree = "<group>";
		};
		46A2C5CB23BA2BCA002D59C2 /* LaunchScreen.storyboard */ = {
			isa = PBXVariantGroup;
			children = (
				46A2C5CC23BA2BCA002D59C2 /* Base */,
			);
			name = LaunchScreen.storyboard;
			sourceTree = "<group>";
		};
/* End PBXVariantGroup section */

/* Begin XCBuildConfiguration section */
		46A2C5CF23BA2BCA002D59C2 /* Debug */ = {
			isa = XCBuildConfiguration;
			buildSettings = {
				ALWAYS_SEARCH_USER_PATHS = NO;
				CLANG_ANALYZER_NONNULL = YES;
				CLANG_ANALYZER_NUMBER_OBJECT_CONVERSION = YES_AGGRESSIVE;
				CLANG_CXX_LANGUAGE_STANDARD = "gnu++14";
				CLANG_CXX_LIBRARY = "libc++";
				CLANG_ENABLE_MODULES = YES;
				CLANG_ENABLE_OBJC_ARC = YES;
				CLANG_ENABLE_OBJC_WEAK = YES;
				CLANG_WARN_BLOCK_CAPTURE_AUTORELEASING = YES;
				CLANG_WARN_BOOL_CONVERSION = YES;
				CLANG_WARN_COMMA = YES;
				CLANG_WARN_CONSTANT_CONVERSION = YES;
				CLANG_WARN_DEPRECATED_OBJC_IMPLEMENTATIONS = YES;
				CLANG_WARN_DIRECT_OBJC_ISA_USAGE = YES_ERROR;
				CLANG_WARN_DOCUMENTATION_COMMENTS = YES;
				CLANG_WARN_EMPTY_BODY = YES;
				CLANG_WARN_ENUM_CONVERSION = YES;
				CLANG_WARN_INFINITE_RECURSION = YES;
				CLANG_WARN_INT_CONVERSION = YES;
				CLANG_WARN_NON_LITERAL_NULL_CONVERSION = YES;
				CLANG_WARN_OBJC_IMPLICIT_RETAIN_SELF = YES;
				CLANG_WARN_OBJC_LITERAL_CONVERSION = YES;
				CLANG_WARN_OBJC_ROOT_CLASS = YES_ERROR;
				CLANG_WARN_RANGE_LOOP_ANALYSIS = YES;
				CLANG_WARN_STRICT_PROTOTYPES = YES;
				CLANG_WARN_SUSPICIOUS_MOVE = YES;
				CLANG_WARN_UNGUARDED_AVAILABILITY = YES_AGGRESSIVE;
				CLANG_WARN_UNREACHABLE_CODE = YES;
				CLANG_WARN__DUPLICATE_METHOD_MATCH = YES;
				COPY_PHASE_STRIP = NO;
				DEBUG_INFORMATION_FORMAT = dwarf;
				ENABLE_STRICT_OBJC_MSGSEND = YES;
				ENABLE_TESTABILITY = YES;
				GCC_C_LANGUAGE_STANDARD = gnu11;
				GCC_DYNAMIC_NO_PIC = NO;
				GCC_NO_COMMON_BLOCKS = YES;
				GCC_OPTIMIZATION_LEVEL = 0;
				GCC_PREPROCESSOR_DEFINITIONS = (
					"DEBUG=1",
					"$(inherited)",
				);
				GCC_WARN_64_TO_32_BIT_CONVERSION = YES;
				GCC_WARN_ABOUT_RETURN_TYPE = YES_ERROR;
				GCC_WARN_UNDECLARED_SELECTOR = YES;
				GCC_WARN_UNINITIALIZED_AUTOS = YES_AGGRESSIVE;
				GCC_WARN_UNUSED_FUNCTION = YES;
				GCC_WARN_UNUSED_VARIABLE = YES;
				IPHONEOS_DEPLOYMENT_TARGET = 13.2;
				MTL_ENABLE_DEBUG_INFO = INCLUDE_SOURCE;
				MTL_FAST_MATH = YES;
				ONLY_ACTIVE_ARCH = YES;
				SDKROOT = iphoneos;
				SWIFT_ACTIVE_COMPILATION_CONDITIONS = DEBUG;
				SWIFT_OPTIMIZATION_LEVEL = "-Onone";
			};
			name = Debug;
		};
		46A2C5D023BA2BCA002D59C2 /* Release */ = {
			isa = XCBuildConfiguration;
			buildSettings = {
				ALWAYS_SEARCH_USER_PATHS = NO;
				CLANG_ANALYZER_NONNULL = YES;
				CLANG_ANALYZER_NUMBER_OBJECT_CONVERSION = YES_AGGRESSIVE;
				CLANG_CXX_LANGUAGE_STANDARD = "gnu++14";
				CLANG_CXX_LIBRARY = "libc++";
				CLANG_ENABLE_MODULES = YES;
				CLANG_ENABLE_OBJC_ARC = YES;
				CLANG_ENABLE_OBJC_WEAK = YES;
				CLANG_WARN_BLOCK_CAPTURE_AUTORELEASING = YES;
				CLANG_WARN_BOOL_CONVERSION = YES;
				CLANG_WARN_COMMA = YES;
				CLANG_WARN_CONSTANT_CONVERSION = YES;
				CLANG_WARN_DEPRECATED_OBJC_IMPLEMENTATIONS = YES;
				CLANG_WARN_DIRECT_OBJC_ISA_USAGE = YES_ERROR;
				CLANG_WARN_DOCUMENTATION_COMMENTS = YES;
				CLANG_WARN_EMPTY_BODY = YES;
				CLANG_WARN_ENUM_CONVERSION = YES;
				CLANG_WARN_INFINITE_RECURSION = YES;
				CLANG_WARN_INT_CONVERSION = YES;
				CLANG_WARN_NON_LITERAL_NULL_CONVERSION = YES;
				CLANG_WARN_OBJC_IMPLICIT_RETAIN_SELF = YES;
				CLANG_WARN_OBJC_LITERAL_CONVERSION = YES;
				CLANG_WARN_OBJC_ROOT_CLASS = YES_ERROR;
				CLANG_WARN_RANGE_LOOP_ANALYSIS = YES;
				CLANG_WARN_STRICT_PROTOTYPES = YES;
				CLANG_WARN_SUSPICIOUS_MOVE = YES;
				CLANG_WARN_UNGUARDED_AVAILABILITY = YES_AGGRESSIVE;
				CLANG_WARN_UNREACHABLE_CODE = YES;
				CLANG_WARN__DUPLICATE_METHOD_MATCH = YES;
				COPY_PHASE_STRIP = NO;
				DEBUG_INFORMATION_FORMAT = "dwarf-with-dsym";
				ENABLE_NS_ASSERTIONS = NO;
				ENABLE_STRICT_OBJC_MSGSEND = YES;
				GCC_C_LANGUAGE_STANDARD = gnu11;
				GCC_NO_COMMON_BLOCKS = YES;
				GCC_WARN_64_TO_32_BIT_CONVERSION = YES;
				GCC_WARN_ABOUT_RETURN_TYPE = YES_ERROR;
				GCC_WARN_UNDECLARED_SELECTOR = YES;
				GCC_WARN_UNINITIALIZED_AUTOS = YES_AGGRESSIVE;
				GCC_WARN_UNUSED_FUNCTION = YES;
				GCC_WARN_UNUSED_VARIABLE = YES;
				IPHONEOS_DEPLOYMENT_TARGET = 13.2;
				MTL_ENABLE_DEBUG_INFO = NO;
				MTL_FAST_MATH = YES;
				SDKROOT = iphoneos;
				SWIFT_COMPILATION_MODE = wholemodule;
				SWIFT_OPTIMIZATION_LEVEL = "-O";
				VALIDATE_PRODUCT = YES;
			};
			name = Release;
		};
		46A2C5D223BA2BCA002D59C2 /* Debug */ = {
			isa = XCBuildConfiguration;
			baseConfigurationReference = AC23C7ED5B9870E01E274138 /* Pods-Custom Login.debug.xcconfig */;
			buildSettings = {
				ASSETCATALOG_COMPILER_APPICON_NAME = AppIcon;
				CODE_SIGN_STYLE = Automatic;
				DEVELOPMENT_TEAM = MZ552MTEJZ;
				INFOPLIST_FILE = "Custom Login/Info.plist";
				LD_RUNPATH_SEARCH_PATHS = (
					"$(inherited)",
					"@executable_path/Frameworks",
				);
				PRODUCT_BUNDLE_IDENTIFIER = "com.developItSolutions.Custom-Login";
				PRODUCT_NAME = "$(TARGET_NAME)";
				SWIFT_VERSION = 5.0;
				TARGETED_DEVICE_FAMILY = "1,2";
			};
			name = Debug;
		};
		46A2C5D323BA2BCA002D59C2 /* Release */ = {
			isa = XCBuildConfiguration;
			baseConfigurationReference = 26C28AD16D9FB78FD41325A0 /* Pods-Custom Login.release.xcconfig */;
			buildSettings = {
				ASSETCATALOG_COMPILER_APPICON_NAME = AppIcon;
				CODE_SIGN_STYLE = Automatic;
				DEVELOPMENT_TEAM = MZ552MTEJZ;
				INFOPLIST_FILE = "Custom Login/Info.plist";
				LD_RUNPATH_SEARCH_PATHS = (
					"$(inherited)",
					"@executable_path/Frameworks",
				);
				PRODUCT_BUNDLE_IDENTIFIER = "com.developItSolutions.Custom-Login";
				PRODUCT_NAME = "$(TARGET_NAME)";
				SWIFT_VERSION = 5.0;
				TARGETED_DEVICE_FAMILY = "1,2";
			};
			name = Release;
		};
/* End XCBuildConfiguration section */

/* Begin XCConfigurationList section */
		46A2C5B823BA2BC8002D59C2 /* Build configuration list for PBXProject "Custom Login" */ = {
			isa = XCConfigurationList;
			buildConfigurations = (
				46A2C5CF23BA2BCA002D59C2 /* Debug */,
				46A2C5D023BA2BCA002D59C2 /* Release */,
			);
			defaultConfigurationIsVisible = 0;
			defaultConfigurationName = Release;
		};
		46A2C5D123BA2BCA002D59C2 /* Build configuration list for PBXNativeTarget "Custom Login" */ = {
			isa = XCConfigurationList;
			buildConfigurations = (
				46A2C5D223BA2BCA002D59C2 /* Debug */,
				46A2C5D323BA2BCA002D59C2 /* Release */,
			);
			defaultConfigurationIsVisible = 0;
			defaultConfigurationName = Release;
		};
/* End XCConfigurationList section */
	};
	rootObject = 46A2C5B523BA2BC8002D59C2 /* Project object */;
}
